
Microsoft Visual Studio Solution File, Format Version 12.00
# Visual Studio Version 16
VisualStudioVersion = 16.0.30804.86
MinimumVisualStudioVersion = 10.0.40219.1
Project("{9A19103F-16F7-4668-BE54-9A1E7A4F7556}") = "SamplePredictor", "SamplePredictor\SamplePredictor.csproj", "{B10D4904-0C30-445A-8970-C267C2E2B4BB}"
EndProject
Project("{9A19103F-16F7-4668-BE54-9A1E7A4F7556}") = "SamplePredictor.IntegrationTests", "SamplePredictor.IntegrationTests\SamplePredictor.IntegrationTests.csproj", "{1E9B9DD6-14AB-427D-8CC9-7DF9E7DEFEBA}"
EndProject
Global
	GlobalSection(SolutionConfigurationPlatforms) = preSolution
		Debug|Any CPU = Debug|Any CPU
		Release|Any CPU = Release|Any CPU
	EndGlobalSection
	GlobalSection(ProjectConfigurationPlatforms) = postSolution
		{B10D4904-0C30-445A-8970-C267C2E2B4BB}.Debug|Any CPU.ActiveCfg = Debug|Any CPU
		{B10D4904-0C30-445A-8970-C267C2E2B4BB}.Debug|Any CPU.Build.0 = Debug|Any CPU
		{B10D4904-0C30-445A-8970-C267C2E2B4BB}.Release|Any CPU.ActiveCfg = Release|Any CPU
		{B10D4904-0C30-445A-8970-C267C2E2B4BB}.Release|Any CPU.Build.0 = Release|Any CPU
		{1E9B9DD6-14AB-427D-8CC9-7DF9E7DEFEBA}.Debug|Any CPU.ActiveCfg = Debug|Any CPU
		{1E9B9DD6-14AB-427D-8CC9-7DF9E7DEFEBA}.Debug|Any CPU.Build.0 = Debug|Any CPU
		{1E9B9DD6-14AB-427D-8CC9-7DF9E7DEFEBA}.Release|Any CPU.ActiveCfg = Release|Any CPU
		{1E9B9DD6-14AB-427D-8CC9-7DF9E7DEFEBA}.Release|Any CPU.Build.0 = Release|Any CPU
	EndGlobalSection
	GlobalSection(SolutionProperties) = preSolution
		HideSolutionNode = FALSE
	EndGlobalSection
	GlobalSection(ExtensibilityGlobals) = postSolution
		SolutionGuid = {B32D873C-0620-4784-B8D2-E6B88ACA5F05}
	EndGlobalSection
EndGlobal
