
Microsoft Visual Studio Solution File, Format Version 12.00
# Visual Studio 15
VisualStudioVersion = 15.0.28307.757
MinimumVisualStudioVersion = 10.0.40219.1
Project("{FAE04EC0-301F-11D3-BF4B-00C04F79EFBC}") = "SamplePredictor", "SamplePredictor\SamplePredictor.csproj", "{1BAF5858-AE65-47F9-A7FD-482EB40D3421}"
EndProject
Global
	GlobalSection(SolutionConfigurationPlatforms) = preSolution
		Debug|Any CPU = Debug|Any CPU
		Release|Any CPU = Release|Any CPU
	EndGlobalSection
	GlobalSection(ProjectConfigurationPlatforms) = postSolution
		{1BAF5858-AE65-47F9-A7FD-482EB40D3421}.Debug|Any CPU.ActiveCfg = Debug|Any CPU
		{1BAF5858-AE65-47F9-A7FD-482EB40D3421}.Debug|Any CPU.Build.0 = Debug|Any CPU
		{1BAF5858-AE65-47F9-A7FD-482EB40D3421}.Release|Any CPU.ActiveCfg = Release|Any CPU
		{1BAF5858-AE65-47F9-A7FD-482EB40D3421}.Release|Any CPU.Build.0 = Release|Any CPU
	EndGlobalSection
	GlobalSection(SolutionProperties) = preSolution
		HideSolutionNode = FALSE
	EndGlobalSection
	GlobalSection(ExtensibilityGlobals) = postSolution
		SolutionGuid = {B32D873C-0620-4784-B8D2-E6B88ACA5F05}
	EndGlobalSection
EndGlobal
